
Microsoft Visual Studio Solution File, Format Version 12.00
# Visual Studio Version 17
VisualStudioVersion = 17.1.32210.238
MinimumVisualStudioVersion = 10.0.40219.1
Project("{FAE04EC0-301F-11D3-BF4B-00C04F79EFBC}") = "codingchallenge", "codingchallenge\codingchallenge.csproj", "{0F84FF05-DC06-407C-A566-8D236C6BB5C1}"
EndProject
Global
	GlobalSection(SolutionConfigurationPlatforms) = preSolution
		Debug|Any CPU = Debug|Any CPU
		Release|Any CPU = Release|Any CPU
	EndGlobalSection
	GlobalSection(ProjectConfigurationPlatforms) = postSolution
		{0F84FF05-DC06-407C-A566-8D236C6BB5C1}.Debug|Any CPU.ActiveCfg = Debug|Any CPU
		{0F84FF05-DC06-407C-A566-8D236C6BB5C1}.Debug|Any CPU.Build.0 = Debug|Any CPU
		{0F84FF05-DC06-407C-A566-8D236C6BB5C1}.Release|Any CPU.ActiveCfg = Release|Any CPU
		{0F84FF05-DC06-407C-A566-8D236C6BB5C1}.Release|Any CPU.Build.0 = Release|Any CPU
	EndGlobalSection
	GlobalSection(SolutionProperties) = preSolution
		HideSolutionNode = FALSE
	EndGlobalSection
	GlobalSection(ExtensibilityGlobals) = postSolution
		SolutionGuid = {5EEDE96B-DF48-47F4-B36E-0DBF012E1A22}
	EndGlobalSection
EndGlobal
